lockfileVersion: '9.0'

settings:
  autoInstallPeers: true
  excludeLinksFromLockfile: false

importers:

  .:
    devDependencies:
      '@devcontainers/cli':
        specifier: ^0.87.0
        version: 0.87.0

packages:

  '@devcontainers/cli@0.87.0':
    resolution: {integrity: sha512-OVwjI0LH6cYilo2MXrnqYALtCwKM0dsdphNsIguw0ESRBG8s1wPIjDbPiDO5taxPTe3cLshsQYVZY1UpKtFaJA==}
    engines: {node: '>=20.0.0'}
    hasBin: true

snapshots:

  '@devcontainers/cli@0.87.0': {}
